
Microsoft Visual Studio Solution File, Format Version 12.00
# Visual Studio Version 17
VisualStudioVersion = 17.6.33815.320
MinimumVisualStudioVersion = 10.0.40219.1
Project("{9A19103F-16F7-4668-BE54-9A1E7A4F7556}") = "GrowHAT", "GrowHAT.csproj", "{2C97BFC6-4B06-4E92-AD5E-7C52BEAF7A24}"
EndProject
Project("{9A19103F-16F7-4668-BE54-9A1E7A4F7556}") = "growHatTests", "growHatTests\growHatTests.csproj", "{300846F0-264A-4D6C-9611-80C0EC850D73}"
EndProject
Global
	GlobalSection(SolutionConfigurationPlatforms) = preSolution
		Debug|Any CPU = Debug|Any CPU
		Release|Any CPU = Release|Any CPU
	EndGlobalSection
	GlobalSection(ProjectConfigurationPlatforms) = postSolution
		{2C97BFC6-4B06-4E92-AD5E-7C52BEAF7A24}.Debug|Any CPU.ActiveCfg = Debug|Any CPU
		{2C97BFC6-4B06-4E92-AD5E-7C52BEAF7A24}.Debug|Any CPU.Build.0 = Debug|Any CPU
		{2C97BFC6-4B06-4E92-AD5E-7C52BEAF7A24}.Release|Any CPU.ActiveCfg = Release|Any CPU
		{2C97BFC6-4B06-4E92-AD5E-7C52BEAF7A24}.Release|Any CPU.Build.0 = Release|Any CPU
		{300846F0-264A-4D6C-9611-80C0EC850D73}.Debug|Any CPU.ActiveCfg = Debug|Any CPU
		{300846F0-264A-4D6C-9611-80C0EC850D73}.Debug|Any CPU.Build.0 = Debug|Any CPU
		{300846F0-264A-4D6C-9611-80C0EC850D73}.Release|Any CPU.ActiveCfg = Release|Any CPU
		{300846F0-264A-4D6C-9611-80C0EC850D73}.Release|Any CPU.Build.0 = Release|Any CPU
	EndGlobalSection
	GlobalSection(SolutionProperties) = preSolution
		HideSolutionNode = FALSE
	EndGlobalSection
	GlobalSection(ExtensibilityGlobals) = postSolution
		SolutionGuid = {D6EBAC0C-C002-41A8-BE30-0871FC24A40B}
	EndGlobalSection
EndGlobal
