
Microsoft Visual Studio Solution File, Format Version 12.00
# Visual Studio Version 17
VisualStudioVersion = 17.6.33815.320
MinimumVisualStudioVersion = 10.0.40219.1
Project("{9A19103F-16F7-4668-BE54-9A1E7A4F7556}") = "GrowHAT", "GrowHAT.csproj", "{2C97BFC6-4B06-4E92-AD5E-7C52BEAF7A24}"
EndProject
Project("{9A19103F-16F7-4668-BE54-9A1E7A4F7556}") = "growHatTests", "growHatTests\growHatTests.csproj", "{300846F0-264A-4D6C-9611-80C0EC850D73}"
EndProject
Project("{9A19103F-16F7-4668-BE54-9A1E7A4F7556}") = "System.Device.Gpio", "..\..\System.Device.Gpio\System.Device.Gpio.csproj", "{39AF535C-5E50-4FBA-874C-56E03F6E849F}"
EndProject
Project("{9A19103F-16F7-4668-BE54-9A1E7A4F7556}") = "Common", "..\Common\Common.csproj", "{EC3A7A2D-7757-48A6-BE11-3A2D8043931C}"
EndProject
Project("{9A19103F-16F7-4668-BE54-9A1E7A4F7556}") = "System.Device.Model", "..\System.Device.Model\System.Device.Model.csproj", "{BF1FF476-7A03-439C-87CA-3EF46A4E790A}"
EndProject
Project("{9A19103F-16F7-4668-BE54-9A1E7A4F7556}") = "GrowHatSample", "GrowHatSample\GrowHatSample.csproj", "{DEAB3703-D6CB-4C8B-B436-C7FB4DFAAE1F}"
EndProject
Project("{9A19103F-16F7-4668-BE54-9A1E7A4F7556}") = "Buzzer", "..\Buzzer\Buzzer.csproj", "{A3A5984E-1ADA-4B73-9078-5CC92321E159}"
EndProject
Project("{9A19103F-16F7-4668-BE54-9A1E7A4F7556}") = "SoftwarePwm", "..\SoftPwm\SoftwarePwm.csproj", "{0CC3AB4A-AAAE-4DFE-BD35-C77DB8055B64}"
EndProject
Global
	GlobalSection(SolutionConfigurationPlatforms) = preSolution
		Debug|Any CPU = Debug|Any CPU
		Release|Any CPU = Release|Any CPU
	EndGlobalSection
	GlobalSection(ProjectConfigurationPlatforms) = postSolution
		{2C97BFC6-4B06-4E92-AD5E-7C52BEAF7A24}.Debug|Any CPU.ActiveCfg = Debug|Any CPU
		{2C97BFC6-4B06-4E92-AD5E-7C52BEAF7A24}.Debug|Any CPU.Build.0 = Debug|Any CPU
		{2C97BFC6-4B06-4E92-AD5E-7C52BEAF7A24}.Release|Any CPU.ActiveCfg = Release|Any CPU
		{2C97BFC6-4B06-4E92-AD5E-7C52BEAF7A24}.Release|Any CPU.Build.0 = Release|Any CPU
		{300846F0-264A-4D6C-9611-80C0EC850D73}.Debug|Any CPU.ActiveCfg = Debug|Any CPU
		{300846F0-264A-4D6C-9611-80C0EC850D73}.Debug|Any CPU.Build.0 = Debug|Any CPU
		{300846F0-264A-4D6C-9611-80C0EC850D73}.Release|Any CPU.ActiveCfg = Release|Any CPU
		{300846F0-264A-4D6C-9611-80C0EC850D73}.Release|Any CPU.Build.0 = Release|Any CPU
		{39AF535C-5E50-4FBA-874C-56E03F6E849F}.Debug|Any CPU.ActiveCfg = Debug|Any CPU
		{39AF535C-5E50-4FBA-874C-56E03F6E849F}.Debug|Any CPU.Build.0 = Debug|Any CPU
		{39AF535C-5E50-4FBA-874C-56E03F6E849F}.Release|Any CPU.ActiveCfg = Release|Any CPU
		{39AF535C-5E50-4FBA-874C-56E03F6E849F}.Release|Any CPU.Build.0 = Release|Any CPU
		{EC3A7A2D-7757-48A6-BE11-3A2D8043931C}.Debug|Any CPU.ActiveCfg = Debug|Any CPU
		{EC3A7A2D-7757-48A6-BE11-3A2D8043931C}.Debug|Any CPU.Build.0 = Debug|Any CPU
		{EC3A7A2D-7757-48A6-BE11-3A2D8043931C}.Release|Any CPU.ActiveCfg = Release|Any CPU
		{EC3A7A2D-7757-48A6-BE11-3A2D8043931C}.Release|Any CPU.Build.0 = Release|Any CPU
		{BF1FF476-7A03-439C-87CA-3EF46A4E790A}.Debug|Any CPU.ActiveCfg = Debug|Any CPU
		{BF1FF476-7A03-439C-87CA-3EF46A4E790A}.Debug|Any CPU.Build.0 = Debug|Any CPU
		{BF1FF476-7A03-439C-87CA-3EF46A4E790A}.Release|Any CPU.ActiveCfg = Release|Any CPU
		{BF1FF476-7A03-439C-87CA-3EF46A4E790A}.Release|Any CPU.Build.0 = Release|Any CPU
		{DEAB3703-D6CB-4C8B-B436-C7FB4DFAAE1F}.Debug|Any CPU.ActiveCfg = Debug|Any CPU
		{DEAB3703-D6CB-4C8B-B436-C7FB4DFAAE1F}.Debug|Any CPU.Build.0 = Debug|Any CPU
		{DEAB3703-D6CB-4C8B-B436-C7FB4DFAAE1F}.Release|Any CPU.ActiveCfg = Release|Any CPU
		{DEAB3703-D6CB-4C8B-B436-C7FB4DFAAE1F}.Release|Any CPU.Build.0 = Release|Any CPU
		{A3A5984E-1ADA-4B73-9078-5CC92321E159}.Debug|Any CPU.ActiveCfg = Debug|Any CPU
		{A3A5984E-1ADA-4B73-9078-5CC92321E159}.Debug|Any CPU.Build.0 = Debug|Any CPU
		{A3A5984E-1ADA-4B73-9078-5CC92321E159}.Release|Any CPU.ActiveCfg = Release|Any CPU
		{A3A5984E-1ADA-4B73-9078-5CC92321E159}.Release|Any CPU.Build.0 = Release|Any CPU
		{0CC3AB4A-AAAE-4DFE-BD35-C77DB8055B64}.Debug|Any CPU.ActiveCfg = Debug|Any CPU
		{0CC3AB4A-AAAE-4DFE-BD35-C77DB8055B64}.Debug|Any CPU.Build.0 = Debug|Any CPU
		{0CC3AB4A-AAAE-4DFE-BD35-C77DB8055B64}.Release|Any CPU.ActiveCfg = Release|Any CPU
		{0CC3AB4A-AAAE-4DFE-BD35-C77DB8055B64}.Release|Any CPU.Build.0 = Release|Any CPU
	EndGlobalSection
	GlobalSection(SolutionProperties) = preSolution
		HideSolutionNode = FALSE
	EndGlobalSection
	GlobalSection(ExtensibilityGlobals) = postSolution
		SolutionGuid = {D6EBAC0C-C002-41A8-BE30-0871FC24A40B}
	EndGlobalSection
EndGlobal
